// !$*UTF8*$!
{
	archiveVersion = 1;
	classes = {
	};
	objectVersion = 46;
	objects = {

/* Begin PBXBuildFile section */
		4314057A1CB8D47800E3B9FF /* HourForecastView.swift in Sources */ = {isa = PBXBuildFile; fileRef = 431405791CB8D47800E3B9FF /* HourForecastView.swift */; };
		4314057C1CB8E03700E3B9FF /* DayForecastView.swift in Sources */ = {isa = PBXBuildFile; fileRef = 4314057B1CB8E03700E3B9FF /* DayForecastView.swift */; };
		431D13E11CB7E5B000434D9C /* AppDelegate.swift in Sources */ = {isa = PBXBuildFile; fileRef = 431D13E01CB7E5B000434D9C /* AppDelegate.swift */; };
		431D13E31CB7E5B000434D9C /* PrettyWeatherViewController.swift in Sources */ = {isa = PBXBuildFile; fileRef = 431D13E21CB7E5B000434D9C /* PrettyWeatherViewController.swift */; };
		431D13E61CB7E5B000434D9C /* Main.storyboard in Resources */ = {isa = PBXBuildFile; fileRef = 431D13E41CB7E5B000434D9C /* Main.storyboard */; };
		431D13E81CB7E5B000434D9C /* Assets.xcassets in Resources */ = {isa = PBXBuildFile; fileRef = 431D13E71CB7E5B000434D9C /* Assets.xcassets */; };
		431D13EB1CB7E5B000434D9C /* LaunchScreen.storyboard in Resources */ = {isa = PBXBuildFile; fileRef = 431D13E91CB7E5B000434D9C /* LaunchScreen.storyboard */; };
		43BFCDF41CB7FD3C009B8BDC /* CurrentWeatherView.swift in Sources */ = {isa = PBXBuildFile; fileRef = 43BFCDF31CB7FD3B009B8BDC /* CurrentWeatherView.swift */; };
		43BFCDF61CB7FD4B009B8BDC /* HourlyForecastView.swift in Sources */ = {isa = PBXBuildFile; fileRef = 43BFCDF51CB7FD4B009B8BDC /* HourlyForecastView.swift */; };
		43BFCDF81CB7FD57009B8BDC /* DailyForecastView.swift in Sources */ = {isa = PBXBuildFile; fileRef = 43BFCDF71CB7FD57009B8BDC /* DailyForecastView.swift */; };
		CD9D7E33E0D3A730C0B80FDD /* Pods_weather_app.framework in Frameworks */ = {isa = PBXBuildFile; fileRef = D2802CC1A0FC57AD8F472382 /* Pods_weather_app.framework */; };
/* End PBXBuildFile section */

/* Begin PBXFileReference section */
		431405791CB8D47800E3B9FF /* HourForecastView.swift */ = {isa = PBXFileReference; fileEncoding = 4; lastKnownFileType = sourcecode.swift; path = HourForecastView.swift; sourceTree = "<group>"; };
		4314057B1CB8E03700E3B9FF /* DayForecastView.swift */ = {isa = PBXFileReference; fileEncoding = 4; lastKnownFileType = sourcecode.swift; path = DayForecastView.swift; sourceTree = "<group>"; };
		431D13DD1CB7E5B000434D9C /* weather-app.app */ = {isa = PBXFileReference; explicitFileType = wrapper.application; includeInIndex = 0; path = "weather-app.app"; sourceTree = BUILT_PRODUCTS_DIR; };
		431D13E01CB7E5B000434D9C /* AppDelegate.swift */ = {isa = PBXFileReference; lastKnownFileType = sourcecode.swift; path = AppDelegate.swift; sourceTree = "<group>"; };
		431D13E21CB7E5B000434D9C /* PrettyWeatherViewController.swift */ = {isa = PBXFileReference; lastKnownFileType = sourcecode.swift; path = PrettyWeatherViewController.swift; sourceTree = "<group>"; };
		431D13E51CB7E5B000434D9C /* Base */ = {isa = PBXFileReference; lastKnownFileType = file.storyboard; name = Base; path = Base.lproj/Main.storyboard; sourceTree = "<group>"; };
		431D13E71CB7E5B000434D9C /* Assets.xcassets */ = {isa = PBXFileReference; lastKnownFileType = folder.assetcatalog; path = Assets.xcassets; sourceTree = "<group>"; };
		431D13EA1CB7E5B000434D9C /* Base */ = {isa = PBXFileReference; lastKnownFileType = file.storyboard; name = Base; path = Base.lproj/LaunchScreen.storyboard; sourceTree = "<group>"; };
		431D13EC1CB7E5B000434D9C /* Info.plist */ = {isa = PBXFileReference; lastKnownFileType = text.plist.xml; path = Info.plist; sourceTree = "<group>"; };
		43BFCDF31CB7FD3B009B8BDC /* CurrentWeatherView.swift */ = {isa = PBXFileReference; fileEncoding = 4; lastKnownFileType = sourcecode.swift; path = CurrentWeatherView.swift; sourceTree = "<group>"; };
		43BFCDF51CB7FD4B009B8BDC /* HourlyForecastView.swift */ = {isa = PBXFileReference; fileEncoding = 4; lastKnownFileType = sourcecode.swift; path = HourlyForecastView.swift; sourceTree = "<group>"; };
		43BFCDF71CB7FD57009B8BDC /* DailyForecastView.swift */ = {isa = PBXFileReference; fileEncoding = 4; lastKnownFileType = sourcecode.swift; path = DailyForecastView.swift; sourceTree = "<group>"; };
		59CC25507BDDB5A240DC9D84 /* Pods-weather-app.debug.xcconfig */ = {isa = PBXFileReference; includeInIndex = 1; lastKnownFileType = text.xcconfig; name = "Pods-weather-app.debug.xcconfig"; path = "Pods/Target Support Files/Pods-weather-app/Pods-weather-app.debug.xcconfig"; sourceTree = "<group>"; };
		72EA1A2B7B8A47334DF53BEE /* Pods-weather-app.release.xcconfig */ = {isa = PBXFileReference; includeInIndex = 1; lastKnownFileType = text.xcconfig; name = "Pods-weather-app.release.xcconfig"; path = "Pods/Target Support Files/Pods-weather-app/Pods-weather-app.release.xcconfig"; sourceTree = "<group>"; };
		D2802CC1A0FC57AD8F472382 /* Pods_weather_app.framework */ = {isa = PBXFileReference; explicitFileType = wrapper.framework; includeInIndex = 0; path = Pods_weather_app.framework; sourceTree = BUILT_PRODUCTS_DIR; };
/* End PBXFileReference section */

/* Begin PBXFrameworksBuildPhase section */
		431D13DA1CB7E5B000434D9C /* Frameworks */ = {
			isa = PBXFrameworksBuildPhase;
			buildActionMask = 2147483647;
			files = (
				CD9D7E33E0D3A730C0B80FDD /* Pods_weather_app.framework in Frameworks */,
			);
			runOnlyForDeploymentPostprocessing = 0;
		};
/* End PBXFrameworksBuildPhase section */

/* Begin PBXGroup section */
		2BBFE27174BC303AAF210F8B /* Pods */ = {
			isa = PBXGroup;
			children = (
				59CC25507BDDB5A240DC9D84 /* Pods-weather-app.debug.xcconfig */,
				72EA1A2B7B8A47334DF53BEE /* Pods-weather-app.release.xcconfig */,
			);
			name = Pods;
			sourceTree = "<group>";
		};
		431D13D41CB7E5B000434D9C = {
			isa = PBXGroup;
			children = (
				431D13DF1CB7E5B000434D9C /* weather-app */,
				431D13DE1CB7E5B000434D9C /* Products */,
				2BBFE27174BC303AAF210F8B /* Pods */,
				49C2F10E46700B43BD7BD0F5 /* Frameworks */,
			);
			sourceTree = "<group>";
		};
		431D13DE1CB7E5B000434D9C /* Products */ = {
			isa = PBXGroup;
			children = (
				431D13DD1CB7E5B000434D9C /* weather-app.app */,
			);
			name = Products;
			sourceTree = "<group>";
		};
		431D13DF1CB7E5B000434D9C /* weather-app */ = {
			isa = PBXGroup;
			children = (
				431D13E01CB7E5B000434D9C /* AppDelegate.swift */,
				431D13E41CB7E5B000434D9C /* Main.storyboard */,
				431D13E71CB7E5B000434D9C /* Assets.xcassets */,
				431D13E91CB7E5B000434D9C /* LaunchScreen.storyboard */,
				431D13EC1CB7E5B000434D9C /* Info.plist */,
				431D13E21CB7E5B000434D9C /* PrettyWeatherViewController.swift */,
				43BFCDF31CB7FD3B009B8BDC /* CurrentWeatherView.swift */,
				43BFCDF71CB7FD57009B8BDC /* DailyForecastView.swift */,
				4314057B1CB8E03700E3B9FF /* DayForecastView.swift */,
				43BFCDF51CB7FD4B009B8BDC /* HourlyForecastView.swift */,
				431405791CB8D47800E3B9FF /* HourForecastView.swift */,
			);
			path = "weather-app";
			sourceTree = "<group>";
		};
		49C2F10E46700B43BD7BD0F5 /* Frameworks */ = {
			isa = PBXGroup;
			children = (
				D2802CC1A0FC57AD8F472382 /* Pods_weather_app.framework */,
			);
			name = Frameworks;
			sourceTree = "<group>";
		};
/* End PBXGroup section */

/* Begin PBXNativeTarget section */
		431D13DC1CB7E5B000434D9C /* weather-app */ = {
			isa = PBXNativeTarget;
			buildConfigurationList = 431D13EF1CB7E5B000434D9C /* Build configuration list for PBXNativeTarget "weather-app" */;
			buildPhases = (
				9B1FD1B838E40429B738C4AB /* Check Pods Manifest.lock */,
				431D13D91CB7E5B000434D9C /* Sources */,
				431D13DA1CB7E5B000434D9C /* Frameworks */,
				431D13DB1CB7E5B000434D9C /* Resources */,
				22DC853121259B08FF648920 /* Embed Pods Frameworks */,
				A4B63A4FE6F76D086155A0CD /* Copy Pods Resources */,
			);
			buildRules = (
			);
			dependencies = (
			);
			name = "weather-app";
			productName = "weather-app";
			productReference = 431D13DD1CB7E5B000434D9C /* weather-app.app */;
			productType = "com.apple.product-type.application";
		};
/* End PBXNativeTarget section */

/* Begin PBXProject section */
		431D13D51CB7E5B000434D9C /* Project object */ = {
			isa = PBXProject;
			attributes = {
				LastSwiftUpdateCheck = 0730;
				LastUpgradeCheck = 0730;
				ORGANIZATIONNAME = liusy182;
				TargetAttributes = {
					431D13DC1CB7E5B000434D9C = {
						CreatedOnToolsVersion = 7.3;
						DevelopmentTeam = QWD2QB5Q9R;
					};
				};
			};
			buildConfigurationList = 431D13D81CB7E5B000434D9C /* Build configuration list for PBXProject "weather-app" */;
			compatibilityVersion = "Xcode 3.2";
			developmentRegion = English;
			hasScannedForEncodings = 0;
			knownRegions = (
				en,
				Base,
			);
			mainGroup = 431D13D41CB7E5B000434D9C;
			productRefGroup = 431D13DE1CB7E5B000434D9C /* Products */;
			projectDirPath = "";
			projectRoot = "";
			targets = (
				431D13DC1CB7E5B000434D9C /* weather-app */,
			);
		};
/* End PBXProject section */

/* Begin PBXResourcesBuildPhase section */
		431D13DB1CB7E5B000434D9C /* Resources */ = {
			isa = PBXResourcesBuildPhase;
			buildActionMask = 2147483647;
			files = (
				431D13EB1CB7E5B000434D9C /* LaunchScreen.storyboard in Resources */,
				431D13E81CB7E5B000434D9C /* Assets.xcassets in Resources */,
				431D13E61CB7E5B000434D9C /* Main.storyboard in Resources */,
			);
			runOnlyForDeploymentPostprocessing = 0;
		};
/* End PBXResourcesBuildPhase section */

/* Begin PBXShellScriptBuildPhase section */
		22DC853121259B08FF648920 /* Embed Pods Frameworks */ = {
			isa = PBXShellScriptBuildPhase;
			buildActionMask = 2147483647;
			files = (
			);
			inputPaths = (
			);
			name = "Embed Pods Frameworks";
			outputPaths = (
			);
			runOnlyForDeploymentPostprocessing = 0;
			shellPath = /bin/sh;
			shellScript = "\"${SRCROOT}/Pods/Target Support Files/Pods-weather-app/Pods-weather-app-frameworks.sh\"\n";
			showEnvVarsInLog = 0;
		};
		9B1FD1B838E40429B738C4AB /* Check Pods Manifest.lock */ = {
			isa = PBXShellScriptBuildPhase;
			buildActionMask = 2147483647;
			files = (
			);
			inputPaths = (
			);
			name = "Check Pods Manifest.lock";
			outputPaths = (
			);
			runOnlyForDeploymentPostprocessing = 0;
			shellPath = /bin/sh;
			shellScript = "diff \"${PODS_ROOT}/../Podfile.lock\" \"${PODS_ROOT}/Manifest.lock\" > /dev/null\nif [[ $? != 0 ]] ; then\n    cat << EOM\nerror: The sandbox is not in sync with the Podfile.lock. Run 'pod install' or update your CocoaPods installation.\nEOM\n    exit 1\nfi\n";
			showEnvVarsInLog = 0;
		};
		A4B63A4FE6F76D086155A0CD /* Copy Pods Resources */ = {
			isa = PBXShellScriptBuildPhase;
			buildActionMask = 2147483647;
			files = (
			);
			inputPaths = (
			);
			name = "Copy Pods Resources";
			outputPaths = (
			);
			runOnlyForDeploymentPostprocessing = 0;
			shellPath = /bin/sh;
			shellScript = "\"${SRCROOT}/Pods/Target Support Files/Pods-weather-app/Pods-weather-app-resources.sh\"\n";
			showEnvVarsInLog = 0;
		};
/* End PBXShellScriptBuildPhase section */

/* Begin PBXSourcesBuildPhase section */
		431D13D91CB7E5B000434D9C /* Sources */ = {
			isa = PBXSourcesBuildPhase;
			buildActionMask = 2147483647;
			files = (
				43BFCDF61CB7FD4B009B8BDC /* HourlyForecastView.swift in Sources */,
				43BFCDF81CB7FD57009B8BDC /* DailyForecastView.swift in Sources */,
				43BFCDF41CB7FD3C009B8BDC /* CurrentWeatherView.swift in Sources */,
				4314057A1CB8D47800E3B9FF /* HourForecastView.swift in Sources */,
				4314057C1CB8E03700E3B9FF /* DayForecastView.swift in Sources */,
				431D13E31CB7E5B000434D9C /* PrettyWeatherViewController.swift in Sources */,
				431D13E11CB7E5B000434D9C /* AppDelegate.swift in Sources */,
			);
			runOnlyForDeploymentPostprocessing = 0;
		};
/* End PBXSourcesBuildPhase section */

/* Begin PBXVariantGroup section */
		431D13E41CB7E5B000434D9C /* Main.storyboard */ = {
			isa = PBXVariantGroup;
			children = (
				431D13E51CB7E5B000434D9C /* Base */,
			);
			name = Main.storyboard;
			sourceTree = "<group>";
		};
		431D13E91CB7E5B000434D9C /* LaunchScreen.storyboard */ = {
			isa = PBXVariantGroup;
			children = (
				431D13EA1CB7E5B000434D9C /* Base */,
			);
			name = LaunchScreen.storyboard;
			sourceTree = "<group>";
		};
/* End PBXVariantGroup section */

/* Begin XCBuildConfiguration section */
		431D13ED1CB7E5B000434D9C /* Debug */ = {
			isa = XCBuildConfiguration;
			buildSettings = {
				ALWAYS_SEARCH_USER_PATHS = NO;
				CLANG_ANALYZER_NONNULL = YES;
				CLANG_CXX_LANGUAGE_STANDARD = "gnu++0x";
				CLANG_CXX_LIBRARY = "libc++";
				CLANG_ENABLE_MODULES = YES;
				CLANG_ENABLE_OBJC_ARC = YES;
				CLANG_WARN_BOOL_CONVERSION = YES;
				CLANG_WARN_CONSTANT_CONVERSION = YES;
				CLANG_WARN_DIRECT_OBJC_ISA_USAGE = YES_ERROR;
				CLANG_WARN_EMPTY_BODY = YES;
				CLANG_WARN_ENUM_CONVERSION = YES;
				CLANG_WARN_INT_CONVERSION = YES;
				CLANG_WARN_OBJC_ROOT_CLASS = YES_ERROR;
				CLANG_WARN_UNREACHABLE_CODE = YES;
				CLANG_WARN__DUPLICATE_METHOD_MATCH = YES;
				"CODE_SIGN_IDENTITY[sdk=iphoneos*]" = "iPhone Developer";
				COPY_PHASE_STRIP = NO;
				DEBUG_INFORMATION_FORMAT = dwarf;
				ENABLE_STRICT_OBJC_MSGSEND = YES;
				ENABLE_TESTABILITY = YES;
				GCC_C_LANGUAGE_STANDARD = gnu99;
				GCC_DYNAMIC_NO_PIC = NO;
				GCC_NO_COMMON_BLOCKS = YES;
				GCC_OPTIMIZATION_LEVEL = 0;
				GCC_PREPROCESSOR_DEFINITIONS = (
					"DEBUG=1",
					"$(inherited)",
				);
				GCC_WARN_64_TO_32_BIT_CONVERSION = YES;
				GCC_WARN_ABOUT_RETURN_TYPE = YES_ERROR;
				GCC_WARN_UNDECLARED_SELECTOR = YES;
				GCC_WARN_UNINITIALIZED_AUTOS = YES_AGGRESSIVE;
				GCC_WARN_UNUSED_FUNCTION = YES;
				GCC_WARN_UNUSED_VARIABLE = YES;
				IPHONEOS_DEPLOYMENT_TARGET = 9.3;
				MTL_ENABLE_DEBUG_INFO = YES;
				ONLY_ACTIVE_ARCH = YES;
				SDKROOT = iphoneos;
				SWIFT_OPTIMIZATION_LEVEL = "-Onone";
				TARGETED_DEVICE_FAMILY = "1,2";
			};
			name = Debug;
		};
		431D13EE1CB7E5B000434D9C /* Release */ = {
			isa = XCBuildConfiguration;
			buildSettings = {
				ALWAYS_SEARCH_USER_PATHS = NO;
				CLANG_ANALYZER_NONNULL = YES;
				CLANG_CXX_LANGUAGE_STANDARD = "gnu++0x";
				CLANG_CXX_LIBRARY = "libc++";
				CLANG_ENABLE_MODULES = YES;
				CLANG_ENABLE_OBJC_ARC = YES;
				CLANG_WARN_BOOL_CONVERSION = YES;
				CLANG_WARN_CONSTANT_CONVERSION = YES;
				CLANG_WARN_DIRECT_OBJC_ISA_USAGE = YES_ERROR;
				CLANG_WARN_EMPTY_BODY = YES;
				CLANG_WARN_ENUM_CONVERSION = YES;
				CLANG_WARN_INT_CONVERSION = YES;
				CLANG_WARN_OBJC_ROOT_CLASS = YES_ERROR;
				CLANG_WARN_UNREACHABLE_CODE = YES;
				CLANG_WARN__DUPLICATE_METHOD_MATCH = YES;
				"CODE_SIGN_IDENTITY[sdk=iphoneos*]" = "iPhone Developer";
				COPY_PHASE_STRIP = NO;
				DEBUG_INFORMATION_FORMAT = "dwarf-with-dsym";
				ENABLE_NS_ASSERTIONS = NO;
				ENABLE_STRICT_OBJC_MSGSEND = YES;
				GCC_C_LANGUAGE_STANDARD = gnu99;
				GCC_NO_COMMON_BLOCKS = YES;
				GCC_WARN_64_TO_32_BIT_CONVERSION = YES;
				GCC_WARN_ABOUT_RETURN_TYPE = YES_ERROR;
				GCC_WARN_UNDECLARED_SELECTOR = YES;
				GCC_WARN_UNINITIALIZED_AUTOS = YES_AGGRESSIVE;
				GCC_WARN_UNUSED_FUNCTION = YES;
				GCC_WARN_UNUSED_VARIABLE = YES;
				IPHONEOS_DEPLOYMENT_TARGET = 9.3;
				MTL_ENABLE_DEBUG_INFO = NO;
				SDKROOT = iphoneos;
				TARGETED_DEVICE_FAMILY = "1,2";
				VALIDATE_PRODUCT = YES;
			};
			name = Release;
		};
		431D13F01CB7E5B000434D9C /* Debug */ = {
			isa = XCBuildConfiguration;
			baseConfigurationReference = 59CC25507BDDB5A240DC9D84 /* Pods-weather-app.debug.xcconfig */;
			buildSettings = {
				ASSETCATALOG_COMPILER_APPICON_NAME = AppIcon;
				INFOPLIST_FILE = "weather-app/Info.plist";
				LD_RUNPATH_SEARCH_PATHS = "$(inherited) @executable_path/Frameworks";
				PRODUCT_BUNDLE_IDENTIFIER = "liusy182.weather-app";
				PRODUCT_NAME = "$(TARGET_NAME)";
			};
			name = Debug;
		};
		431D13F11CB7E5B000434D9C /* Release */ = {
			isa = XCBuildConfiguration;
			baseConfigurationReference = 72EA1A2B7B8A47334DF53BEE /* Pods-weather-app.release.xcconfig */;
			buildSettings = {
				ASSETCATALOG_COMPILER_APPICON_NAME = AppIcon;
				INFOPLIST_FILE = "weather-app/Info.plist";
				LD_RUNPATH_SEARCH_PATHS = "$(inherited) @executable_path/Frameworks";
				PRODUCT_BUNDLE_IDENTIFIER = "liusy182.weather-app";
				PRODUCT_NAME = "$(TARGET_NAME)";
			};
			name = Release;
		};
/* End XCBuildConfiguration section */

/* Begin XCConfigurationList section */
		431D13D81CB7E5B000434D9C /* Build configuration list for PBXProject "weather-app" */ = {
			isa = XCConfigurationList;
			buildConfigurations = (
				431D13ED1CB7E5B000434D9C /* Debug */,
				431D13EE1CB7E5B000434D9C /* Release */,
			);
			defaultConfigurationIsVisible = 0;
			defaultConfigurationName = Release;
		};
		431D13EF1CB7E5B000434D9C /* Build configuration list for PBXNativeTarget "weather-app" */ = {
			isa = XCConfigurationList;
			buildConfigurations = (
				431D13F01CB7E5B000434D9C /* Debug */,
				431D13F11CB7E5B000434D9C /* Release */,
			);
			defaultConfigurationIsVisible = 0;
			defaultConfigurationName = Release;
		};
/* End XCConfigurationList section */
	};
	rootObject = 431D13D51CB7E5B000434D9C /* Project object */;
}
